
Microsoft Visual Studio Solution File, Format Version 12.00
# Visual Studio 2013
VisualStudioVersion = 12.0.31101.0
MinimumVisualStudioVersion = 10.0.40219.1
Project("{FAE04EC0-301F-11D3-BF4B-00C04F79EFBC}") = "EpisodeGrabber.WinForm", "EpisodeGrabber.WinForm\EpisodeGrabber.WinForm.csproj", "{76B17E17-4E12-4F08-9EF9-F17015037005}"
EndProject
Project("{FAE04EC0-301F-11D3-BF4B-00C04F79EFBC}") = "EpisodeGrabber.Library", "EpisodeGrabber.Library\EpisodeGrabber.Library.csproj", "{DAE732DF-DBC9-4ED3-8E6B-C27768AF2B99}"
EndProject
Project("{2150E333-8FDC-42A3-9474-1A3956D46DE8}") = "Solution Items", "Solution Items", "{295D5FBF-6874-46DC-ADB7-8B2FC77A697F}"
	ProjectSection(SolutionItems) = preProject
		EpisodeGrabber.vsmdi = EpisodeGrabber.vsmdi
		Local.testsettings = Local.testsettings
		TraceAndTestImpact.testsettings = TraceAndTestImpact.testsettings
	EndProjectSection
EndProject
Project("{FAE04EC0-301F-11D3-BF4B-00C04F79EFBC}") = "EpisodeGrabber.Library.Test", "EpisodeGrabber.Library.Test\EpisodeGrabber.Library.Test.csproj", "{69707AF6-423C-4BC2-A9EA-87B2DDEA6B30}"
EndProject
Project("{FAE04EC0-301F-11D3-BF4B-00C04F79EFBC}") = "CommonLibrary.WPF", "..\CommonLibrary\CommonLibrary.WPF\CommonLibrary.WPF.csproj", "{932D02A6-F95B-4378-816F-5E40AE03C2A6}"
EndProject
Project("{FAE04EC0-301F-11D3-BF4B-00C04F79EFBC}") = "CommonLibrary.Framework", "..\CommonLibrary\CommonLibrary.Framework\CommonLibrary.Framework.csproj", "{4CDCB2F8-8934-4F4F-83A4-61E0B2C14E99}"
EndProject
Global
	GlobalSection(SolutionConfigurationPlatforms) = preSolution
		Debug|Any CPU = Debug|Any CPU
		Debug|Mixed Platforms = Debug|Mixed Platforms
		Debug|x86 = Debug|x86
		Release|Any CPU = Release|Any CPU
		Release|Mixed Platforms = Release|Mixed Platforms
		Release|x86 = Release|x86
	EndGlobalSection
	GlobalSection(ProjectConfigurationPlatforms) = postSolution
		{76B17E17-4E12-4F08-9EF9-F17015037005}.Debug|Any CPU.ActiveCfg = Debug|x86
		{76B17E17-4E12-4F08-9EF9-F17015037005}.Debug|Mixed Platforms.ActiveCfg = Debug|x86
		{76B17E17-4E12-4F08-9EF9-F17015037005}.Debug|Mixed Platforms.Build.0 = Debug|x86
		{76B17E17-4E12-4F08-9EF9-F17015037005}.Debug|x86.ActiveCfg = Debug|x86
		{76B17E17-4E12-4F08-9EF9-F17015037005}.Debug|x86.Build.0 = Debug|x86
		{76B17E17-4E12-4F08-9EF9-F17015037005}.Release|Any CPU.ActiveCfg = Release|x86
		{76B17E17-4E12-4F08-9EF9-F17015037005}.Release|Mixed Platforms.ActiveCfg = Release|x86
		{76B17E17-4E12-4F08-9EF9-F17015037005}.Release|Mixed Platforms.Build.0 = Release|x86
		{76B17E17-4E12-4F08-9EF9-F17015037005}.Release|x86.ActiveCfg = Release|x86
		{76B17E17-4E12-4F08-9EF9-F17015037005}.Release|x86.Build.0 = Release|x86
		{DAE732DF-DBC9-4ED3-8E6B-C27768AF2B99}.Debug|Any CPU.ActiveCfg = Debug|Any CPU
		{DAE732DF-DBC9-4ED3-8E6B-C27768AF2B99}.Debug|Any CPU.Build.0 = Debug|Any CPU
		{DAE732DF-DBC9-4ED3-8E6B-C27768AF2B99}.Debug|Mixed Platforms.ActiveCfg = Debug|Any CPU
		{DAE732DF-DBC9-4ED3-8E6B-C27768AF2B99}.Debug|Mixed Platforms.Build.0 = Debug|Any CPU
		{DAE732DF-DBC9-4ED3-8E6B-C27768AF2B99}.Debug|x86.ActiveCfg = Debug|Any CPU
		{DAE732DF-DBC9-4ED3-8E6B-C27768AF2B99}.Release|Any CPU.ActiveCfg = Release|Any CPU
		{DAE732DF-DBC9-4ED3-8E6B-C27768AF2B99}.Release|Any CPU.Build.0 = Release|Any CPU
		{DAE732DF-DBC9-4ED3-8E6B-C27768AF2B99}.Release|Mixed Platforms.ActiveCfg = Release|Any CPU
		{DAE732DF-DBC9-4ED3-8E6B-C27768AF2B99}.Release|Mixed Platforms.Build.0 = Release|Any CPU
		{DAE732DF-DBC9-4ED3-8E6B-C27768AF2B99}.Release|x86.ActiveCfg = Release|Any CPU
		{69707AF6-423C-4BC2-A9EA-87B2DDEA6B30}.Debug|Any CPU.ActiveCfg = Debug|Any CPU
		{69707AF6-423C-4BC2-A9EA-87B2DDEA6B30}.Debug|Any CPU.Build.0 = Debug|Any CPU
		{69707AF6-423C-4BC2-A9EA-87B2DDEA6B30}.Debug|Mixed Platforms.ActiveCfg = Debug|Any CPU
		{69707AF6-423C-4BC2-A9EA-87B2DDEA6B30}.Debug|Mixed Platforms.Build.0 = Debug|Any CPU
		{69707AF6-423C-4BC2-A9EA-87B2DDEA6B30}.Debug|x86.ActiveCfg = Debug|Any CPU
		{69707AF6-423C-4BC2-A9EA-87B2DDEA6B30}.Release|Any CPU.ActiveCfg = Release|Any CPU
		{69707AF6-423C-4BC2-A9EA-87B2DDEA6B30}.Release|Any CPU.Build.0 = Release|Any CPU
		{69707AF6-423C-4BC2-A9EA-87B2DDEA6B30}.Release|Mixed Platforms.ActiveCfg = Release|Any CPU
		{69707AF6-423C-4BC2-A9EA-87B2DDEA6B30}.Release|Mixed Platforms.Build.0 = Release|Any CPU
		{69707AF6-423C-4BC2-A9EA-87B2DDEA6B30}.Release|x86.ActiveCfg = Release|Any CPU
		{932D02A6-F95B-4378-816F-5E40AE03C2A6}.Debug|Any CPU.ActiveCfg = Debug|Any CPU
		{932D02A6-F95B-4378-816F-5E40AE03C2A6}.Debug|Any CPU.Build.0 = Debug|Any CPU
		{932D02A6-F95B-4378-816F-5E40AE03C2A6}.Debug|Mixed Platforms.ActiveCfg = Debug|Any CPU
		{932D02A6-F95B-4378-816F-5E40AE03C2A6}.Debug|Mixed Platforms.Build.0 = Debug|Any CPU
		{932D02A6-F95B-4378-816F-5E40AE03C2A6}.Debug|x86.ActiveCfg = Debug|Any CPU
		{932D02A6-F95B-4378-816F-5E40AE03C2A6}.Release|Any CPU.ActiveCfg = Release|Any CPU
		{932D02A6-F95B-4378-816F-5E40AE03C2A6}.Release|Any CPU.Build.0 = Release|Any CPU
		{932D02A6-F95B-4378-816F-5E40AE03C2A6}.Release|Mixed Platforms.ActiveCfg = Release|Any CPU
		{932D02A6-F95B-4378-816F-5E40AE03C2A6}.Release|Mixed Platforms.Build.0 = Release|Any CPU
		{932D02A6-F95B-4378-816F-5E40AE03C2A6}.Release|x86.ActiveCfg = Release|Any CPU
		{4CDCB2F8-8934-4F4F-83A4-61E0B2C14E99}.Debug|Any CPU.ActiveCfg = Debug|Any CPU
		{4CDCB2F8-8934-4F4F-83A4-61E0B2C14E99}.Debug|Any CPU.Build.0 = Debug|Any CPU
		{4CDCB2F8-8934-4F4F-83A4-61E0B2C14E99}.Debug|Mixed Platforms.ActiveCfg = Debug|Any CPU
		{4CDCB2F8-8934-4F4F-83A4-61E0B2C14E99}.Debug|Mixed Platforms.Build.0 = Debug|Any CPU
		{4CDCB2F8-8934-4F4F-83A4-61E0B2C14E99}.Debug|x86.ActiveCfg = Debug|Any CPU
		{4CDCB2F8-8934-4F4F-83A4-61E0B2C14E99}.Release|Any CPU.ActiveCfg = Release|Any CPU
		{4CDCB2F8-8934-4F4F-83A4-61E0B2C14E99}.Release|Any CPU.Build.0 = Release|Any CPU
		{4CDCB2F8-8934-4F4F-83A4-61E0B2C14E99}.Release|Mixed Platforms.ActiveCfg = Release|Any CPU
		{4CDCB2F8-8934-4F4F-83A4-61E0B2C14E99}.Release|Mixed Platforms.Build.0 = Release|Any CPU
		{4CDCB2F8-8934-4F4F-83A4-61E0B2C14E99}.Release|x86.ActiveCfg = Release|Any CPU
	EndGlobalSection
	GlobalSection(SolutionProperties) = preSolution
		HideSolutionNode = FALSE
	EndGlobalSection
	GlobalSection(TestCaseManagementSettings) = postSolution
		CategoryFile = EpisodeGrabber.vsmdi
	EndGlobalSection
EndGlobal
